{
    "name": "4dmetaverse_functions",
    "version": "0.1.0",
    "lockfileVersion": 2,
    "requires": true,
    "packages": {
        "": {
            "name": "4dmetaverse_functions",
            "version": "0.1.0",
            "hasInstallScript": true,
            "dependencies": {
                "child_process": "^1.0.2"
            }
        },
        "../share": {
            "extraneous": true
        },
        "node_modules/child_process": {
            "version": "1.0.2",
            "resolved": "https://registry.npmjs.org/child_process/-/child_process-1.0.2.tgz",
            "integrity": "sha512-Wmza/JzL0SiWz7kl6MhIKT5ceIlnFPJX+lwUGj7Clhy5MMldsSoJR0+uvRzOS5Kv45Mq7t1PoE8TsOA9bzvb6g=="
        },
        "share": {
            "version": "0.1.0",
            "extraneous": true,
            "license": "ISC",
            "dependencies": {
                "cors": "^2.8.5",
                "express": "^4.18.1",
                "firebase-functions": "^3.21.2",
                "nanoid": "^3.3.3",
                "redis": "^4.1.0"
            },
            "devDependencies": {
                "@types/node": "^17.0.38",
                "chai": "^4.3.6",
                "mocha": "^10.0.0",
                "ts-node": "^10.8.0",
                "typescript": "^4.7.3"
            }
        }
    },
    "dependencies": {
        "child_process": {
            "version": "1.0.2",
            "resolved": "https://registry.npmjs.org/child_process/-/child_process-1.0.2.tgz",
            "integrity": "sha512-Wmza/JzL0SiWz7kl6MhIKT5ceIlnFPJX+lwUGj7Clhy5MMldsSoJR0+uvRzOS5Kv45Mq7t1PoE8TsOA9bzvb6g=="
        }
    }
}
